# This file is automatically @generated by Cargo.
# It is not intended for manual editing.
version = 4

[[package]]
name = "forgerepo"
version = "0.0.0"

[[package]]
name = "forgerepo-boundaries"
version = "0.0.0"

[[package]]
name = "forgerepo-config"
version = "0.0.0"

[[package]]
name = "forgerepo-core"
version = "0.0.0"
